
Microsoft Visual Studio Solution File, Format Version 12.00
# Visual Studio Version 17
VisualStudioVersion = 17.4.33122.133
MinimumVisualStudioVersion = 10.0.40219.1
Project("{FAE04EC0-301F-11D3-BF4B-00C04F79EFBC}") = "BlazorTest100", "BlazorTest100\BlazorTest100.csproj", "{8F884112-A101-4CA5-934A-9123CEB13670}"
EndProject
Global
	GlobalSection(SolutionConfigurationPlatforms) = preSolution
		Debug|Any CPU = Debug|Any CPU
		Release|Any CPU = Release|Any CPU
	EndGlobalSection
	GlobalSection(ProjectConfigurationPlatforms) = postSolution
		{8F884112-A101-4CA5-934A-9123CEB13670}.Debug|Any CPU.ActiveCfg = Debug|Any CPU
		{8F884112-A101-4CA5-934A-9123CEB13670}.Debug|Any CPU.Build.0 = Debug|Any CPU
		{8F884112-A101-4CA5-934A-9123CEB13670}.Release|Any CPU.ActiveCfg = Release|Any CPU
		{8F884112-A101-4CA5-934A-9123CEB13670}.Release|Any CPU.Build.0 = Release|Any CPU
	EndGlobalSection
	GlobalSection(SolutionProperties) = preSolution
		HideSolutionNode = FALSE
	EndGlobalSection
	GlobalSection(ExtensibilityGlobals) = postSolution
		SolutionGuid = {44B84152-D943-4202-A9C5-66D7D9C8BA1B}
	EndGlobalSection
EndGlobal
